
Microsoft Visual Studio Solution File, Format Version 12.00
# Visual Studio Version 16
VisualStudioVersion = 16.0.29806.167
MinimumVisualStudioVersion = 10.0.40219.1
Project("{FAE04EC0-301F-11D3-BF4B-00C04F79EFBC}") = "CarRentProject", "CarRentProject\CarRentProject.csproj", "{C00F6B82-87BB-45FF-A952-583E6C06A5E2}"
EndProject
Global
	GlobalSection(SolutionConfigurationPlatforms) = preSolution
		Debug|Any CPU = Debug|Any CPU
		Release|Any CPU = Release|Any CPU
	EndGlobalSection
	GlobalSection(ProjectConfigurationPlatforms) = postSolution
		{C00F6B82-87BB-45FF-A952-583E6C06A5E2}.Debug|Any CPU.ActiveCfg = Debug|Any CPU
		{C00F6B82-87BB-45FF-A952-583E6C06A5E2}.Debug|Any CPU.Build.0 = Debug|Any CPU
		{C00F6B82-87BB-45FF-A952-583E6C06A5E2}.Release|Any CPU.ActiveCfg = Release|Any CPU
		{C00F6B82-87BB-45FF-A952-583E6C06A5E2}.Release|Any CPU.Build.0 = Release|Any CPU
	EndGlobalSection
	GlobalSection(SolutionProperties) = preSolution
		HideSolutionNode = FALSE
	EndGlobalSection
	GlobalSection(ExtensibilityGlobals) = postSolution
		SolutionGuid = {AADF0E80-8B6E-4A10-ADAE-B0FA3F5BD209}
	EndGlobalSection
EndGlobal
